// !$*UTF8*$!
{
	archiveVersion = 1;
	classes = {
	};
	objectVersion = 55;
	objects = {

/* Begin PBXBuildFile section */
		C564D27E27FEAC92000603BB /* OrderCheckView.swift in Sources */ = {isa = PBXBuildFile; fileRef = C564D27D27FEAC92000603BB /* OrderCheckView.swift */; };
		C572506A27FBF38F00E90997 /* MC1App.swift in Sources */ = {isa = PBXBuildFile; fileRef = C572506927FBF38F00E90997 /* MC1App.swift */; };
		C572506E27FBF39000E90997 /* Assets.xcassets in Resources */ = {isa = PBXBuildFile; fileRef = C572506D27FBF39000E90997 /* Assets.xcassets */; };
		C572507127FBF39000E90997 /* Preview Assets.xcassets in Resources */ = {isa = PBXBuildFile; fileRef = C572507027FBF39000E90997 /* Preview Assets.xcassets */; };
		C572507B27FBF39000E90997 /* MC1Tests.swift in Sources */ = {isa = PBXBuildFile; fileRef = C572507A27FBF39000E90997 /* MC1Tests.swift */; };
		C572508527FBF39000E90997 /* MC1UITests.swift in Sources */ = {isa = PBXBuildFile; fileRef = C572508427FBF39000E90997 /* MC1UITests.swift */; };
		C572508727FBF39000E90997 /* MC1UITestsLaunchTests.swift in Sources */ = {isa = PBXBuildFile; fileRef = C572508627FBF39000E90997 /* MC1UITestsLaunchTests.swift */; };
		DAABEC6027FE957C00912015 /* HelpPageView.swift in Sources */ = {isa = PBXBuildFile; fileRef = DAABEC5F27FE957C00912015 /* HelpPageView.swift */; };
		DAABEC6227FE958B00912015 /* StoreChoiceView.swift in Sources */ = {isa = PBXBuildFile; fileRef = DAABEC6127FE958B00912015 /* StoreChoiceView.swift */; };
		DAABEC6427FE959600912015 /* StartView.swift in Sources */ = {isa = PBXBuildFile; fileRef = DAABEC6327FE959600912015 /* StartView.swift */; };
		DAABEC6627FE95BB00912015 /* Bank.swift in Sources */ = {isa = PBXBuildFile; fileRef = DAABEC6527FE95BB00912015 /* Bank.swift */; };
		DAABEC6827FE95C800912015 /* Traffic.swift in Sources */ = {isa = PBXBuildFile; fileRef = DAABEC6727FE95C800912015 /* Traffic.swift */; };
		DAABEC6A27FF19B100912015 /* MenuQuantityView.swift in Sources */ = {isa = PBXBuildFile; fileRef = DAABEC6927FF19B100912015 /* MenuQuantityView.swift */; };
		DAABEC6C27FF19C400912015 /* MenuSetChoiceView.swift in Sources */ = {isa = PBXBuildFile; fileRef = DAABEC6B27FF19C400912015 /* MenuSetChoiceView.swift */; };
		DADFAA0D27FE7C18006F613A /* MenuCellView.swift in Sources */ = {isa = PBXBuildFile; fileRef = DADFAA0A27FE7C18006F613A /* MenuCellView.swift */; };
		DADFAA0E27FE7C18006F613A /* MenuCheckView.swift in Sources */ = {isa = PBXBuildFile; fileRef = DADFAA0B27FE7C18006F613A /* MenuCheckView.swift */; };
		DADFAA0F27FE7C18006F613A /* MenuView.swift in Sources */ = {isa = PBXBuildFile; fileRef = DADFAA0C27FE7C18006F613A /* MenuView.swift */; };
		DADFAA1327FE7C24006F613A /* Preference.swift in Sources */ = {isa = PBXBuildFile; fileRef = DADFAA1127FE7C24006F613A /* Preference.swift */; };
		DADFAA1427FE7C24006F613A /* Restaurant.swift in Sources */ = {isa = PBXBuildFile; fileRef = DADFAA1227FE7C24006F613A /* Restaurant.swift */; };
/* End PBXBuildFile section */

/* Begin PBXContainerItemProxy section */
		C572507727FBF39000E90997 /* PBXContainerItemProxy */ = {
			isa = PBXContainerItemProxy;
			containerPortal = C572505E27FBF38F00E90997 /* Project object */;
			proxyType = 1;
			remoteGlobalIDString = C572506527FBF38F00E90997;
			remoteInfo = MC1;
		};
		C572508127FBF39000E90997 /* PBXContainerItemProxy */ = {
			isa = PBXContainerItemProxy;
			containerPortal = C572505E27FBF38F00E90997 /* Project object */;
			proxyType = 1;
			remoteGlobalIDString = C572506527FBF38F00E90997;
			remoteInfo = MC1;
		};
/* End PBXContainerItemProxy section */

/* Begin PBXFileReference section */
		C564D27D27FEAC92000603BB /* OrderCheckView.swift */ = {isa = PBXFileReference; lastKnownFileType = sourcecode.swift; path = OrderCheckView.swift; sourceTree = "<group>"; };
		C572506627FBF38F00E90997 /* MC1.app */ = {isa = PBXFileReference; explicitFileType = wrapper.application; includeInIndex = 0; path = MC1.app; sourceTree = BUILT_PRODUCTS_DIR; };
		C572506927FBF38F00E90997 /* MC1App.swift */ = {isa = PBXFileReference; lastKnownFileType = sourcecode.swift; path = MC1App.swift; sourceTree = "<group>"; };
		C572506D27FBF39000E90997 /* Assets.xcassets */ = {isa = PBXFileReference; lastKnownFileType = folder.assetcatalog; path = Assets.xcassets; sourceTree = "<group>"; };
		C572507027FBF39000E90997 /* Preview Assets.xcassets */ = {isa = PBXFileReference; lastKnownFileType = folder.assetcatalog; path = "Preview Assets.xcassets"; sourceTree = "<group>"; };
		C572507627FBF39000E90997 /* MC1Tests.xctest */ = {isa = PBXFileReference; explicitFileType = wrapper.cfbundle; includeInIndex = 0; path = MC1Tests.xctest; sourceTree = BUILT_PRODUCTS_DIR; };
		C572507A27FBF39000E90997 /* MC1Tests.swift */ = {isa = PBXFileReference; lastKnownFileType = sourcecode.swift; path = MC1Tests.swift; sourceTree = "<group>"; };
		C572508027FBF39000E90997 /* MC1UITests.xctest */ = {isa = PBXFileReference; explicitFileType = wrapper.cfbundle; includeInIndex = 0; path = MC1UITests.xctest; sourceTree = BUILT_PRODUCTS_DIR; };
		C572508427FBF39000E90997 /* MC1UITests.swift */ = {isa = PBXFileReference; lastKnownFileType = sourcecode.swift; path = MC1UITests.swift; sourceTree = "<group>"; };
		C572508627FBF39000E90997 /* MC1UITestsLaunchTests.swift */ = {isa = PBXFileReference; lastKnownFileType = sourcecode.swift; path = MC1UITestsLaunchTests.swift; sourceTree = "<group>"; };
		DAABEC5F27FE957C00912015 /* HelpPageView.swift */ = {isa = PBXFileReference; lastKnownFileType = sourcecode.swift; path = HelpPageView.swift; sourceTree = "<group>"; };
		DAABEC6127FE958B00912015 /* StoreChoiceView.swift */ = {isa = PBXFileReference; lastKnownFileType = sourcecode.swift; path = StoreChoiceView.swift; sourceTree = "<group>"; };
		DAABEC6327FE959600912015 /* StartView.swift */ = {isa = PBXFileReference; lastKnownFileType = sourcecode.swift; path = StartView.swift; sourceTree = "<group>"; };
		DAABEC6527FE95BB00912015 /* Bank.swift */ = {isa = PBXFileReference; lastKnownFileType = sourcecode.swift; path = Bank.swift; sourceTree = "<group>"; };
		DAABEC6727FE95C800912015 /* Traffic.swift */ = {isa = PBXFileReference; lastKnownFileType = sourcecode.swift; path = Traffic.swift; sourceTree = "<group>"; };
		DAABEC6927FF19B100912015 /* MenuQuantityView.swift */ = {isa = PBXFileReference; lastKnownFileType = sourcecode.swift; path = MenuQuantityView.swift; sourceTree = "<group>"; };
		DAABEC6B27FF19C400912015 /* MenuSetChoiceView.swift */ = {isa = PBXFileReference; lastKnownFileType = sourcecode.swift; path = MenuSetChoiceView.swift; sourceTree = "<group>"; };
		DADFAA0A27FE7C18006F613A /* MenuCellView.swift */ = {isa = PBXFileReference; fileEncoding = 4; lastKnownFileType = sourcecode.swift; path = MenuCellView.swift; sourceTree = "<group>"; };
		DADFAA0B27FE7C18006F613A /* MenuCheckView.swift */ = {isa = PBXFileReference; fileEncoding = 4; lastKnownFileType = sourcecode.swift; path = MenuCheckView.swift; sourceTree = "<group>"; };
		DADFAA0C27FE7C18006F613A /* MenuView.swift */ = {isa = PBXFileReference; fileEncoding = 4; lastKnownFileType = sourcecode.swift; path = MenuView.swift; sourceTree = "<group>"; };
		DADFAA1127FE7C24006F613A /* Preference.swift */ = {isa = PBXFileReference; fileEncoding = 4; lastKnownFileType = sourcecode.swift; path = Preference.swift; sourceTree = "<group>"; };
		DADFAA1227FE7C24006F613A /* Restaurant.swift */ = {isa = PBXFileReference; fileEncoding = 4; lastKnownFileType = sourcecode.swift; path = Restaurant.swift; sourceTree = "<group>"; };
/* End PBXFileReference section */

/* Begin PBXFrameworksBuildPhase section */
		C572506327FBF38F00E90997 /* Frameworks */ = {
			isa = PBXFrameworksBuildPhase;
			buildActionMask = 2147483647;
			files = (
			);
			runOnlyForDeploymentPostprocessing = 0;
		};
		C572507327FBF39000E90997 /* Frameworks */ = {
			isa = PBXFrameworksBuildPhase;
			buildActionMask = 2147483647;
			files = (
			);
			runOnlyForDeploymentPostprocessing = 0;
		};
		C572507D27FBF39000E90997 /* Frameworks */ = {
			isa = PBXFrameworksBuildPhase;
			buildActionMask = 2147483647;
			files = (
			);
			runOnlyForDeploymentPostprocessing = 0;
		};
/* End PBXFrameworksBuildPhase section */

/* Begin PBXGroup section */
		C572505D27FBF38F00E90997 = {
			isa = PBXGroup;
			children = (
				C572506827FBF38F00E90997 /* MC1 */,
				C572507927FBF39000E90997 /* MC1Tests */,
				C572508327FBF39000E90997 /* MC1UITests */,
				C572506727FBF38F00E90997 /* Products */,
			);
			sourceTree = "<group>";
		};
		C572506727FBF38F00E90997 /* Products */ = {
			isa = PBXGroup;
			children = (
				C572506627FBF38F00E90997 /* MC1.app */,
				C572507627FBF39000E90997 /* MC1Tests.xctest */,
				C572508027FBF39000E90997 /* MC1UITests.xctest */,
			);
			name = Products;
			sourceTree = "<group>";
		};
		C572506827FBF38F00E90997 /* MC1 */ = {
			isa = PBXGroup;
			children = (
				C572506927FBF38F00E90997 /* MC1App.swift */,
				C572506D27FBF39000E90997 /* Assets.xcassets */,
				DADFAA1027FE7C24006F613A /* Model */,
				DADFAA0927FE7C18006F613A /* View */,
				C572506F27FBF39000E90997 /* Preview Content */,
			);
			path = MC1;
			sourceTree = "<group>";
		};
		C572506F27FBF39000E90997 /* Preview Content */ = {
			isa = PBXGroup;
			children = (
				C572507027FBF39000E90997 /* Preview Assets.xcassets */,
			);
			path = "Preview Content";
			sourceTree = "<group>";
		};
		C572507927FBF39000E90997 /* MC1Tests */ = {
			isa = PBXGroup;
			children = (
				C572507A27FBF39000E90997 /* MC1Tests.swift */,
			);
			path = MC1Tests;
			sourceTree = "<group>";
		};
		C572508327FBF39000E90997 /* MC1UITests */ = {
			isa = PBXGroup;
			children = (
				C572508427FBF39000E90997 /* MC1UITests.swift */,
				C572508627FBF39000E90997 /* MC1UITestsLaunchTests.swift */,
			);
			path = MC1UITests;
			sourceTree = "<group>";
		};
		DADFAA0927FE7C18006F613A /* View */ = {
			isa = PBXGroup;
			children = (
				DAABEC5F27FE957C00912015 /* HelpPageView.swift */,
				DAABEC6927FF19B100912015 /* MenuQuantityView.swift */,
				DAABEC6B27FF19C400912015 /* MenuSetChoiceView.swift */,
				DAABEC6327FE959600912015 /* StartView.swift */,
				DAABEC6127FE958B00912015 /* StoreChoiceView.swift */,
				DADFAA0A27FE7C18006F613A /* MenuCellView.swift */,
				DADFAA0B27FE7C18006F613A /* MenuCheckView.swift */,
				DADFAA0C27FE7C18006F613A /* MenuView.swift */,
				C564D27D27FEAC92000603BB /* OrderCheckView.swift */,
			);
			path = View;
			sourceTree = "<group>";
		};
		DADFAA1027FE7C24006F613A /* Model */ = {
			isa = PBXGroup;
			children = (
				DADFAA1127FE7C24006F613A /* Preference.swift */,
				DADFAA1227FE7C24006F613A /* Restaurant.swift */,
				DAABEC6527FE95BB00912015 /* Bank.swift */,
				DAABEC6727FE95C800912015 /* Traffic.swift */,
			);
			path = Model;
			sourceTree = "<group>";
		};
/* End PBXGroup section */

/* Begin PBXNativeTarget section */
		C572506527FBF38F00E90997 /* MC1 */ = {
			isa = PBXNativeTarget;
			buildConfigurationList = C572508A27FBF39000E90997 /* Build configuration list for PBXNativeTarget "MC1" */;
			buildPhases = (
				C572506227FBF38F00E90997 /* Sources */,
				C572506327FBF38F00E90997 /* Frameworks */,
				C572506427FBF38F00E90997 /* Resources */,
			);
			buildRules = (
			);
			dependencies = (
			);
			name = MC1;
			productName = MC1;
			productReference = C572506627FBF38F00E90997 /* MC1.app */;
			productType = "com.apple.product-type.application";
		};
		C572507527FBF39000E90997 /* MC1Tests */ = {
			isa = PBXNativeTarget;
			buildConfigurationList = C572508D27FBF39000E90997 /* Build configuration list for PBXNativeTarget "MC1Tests" */;
			buildPhases = (
				C572507227FBF39000E90997 /* Sources */,
				C572507327FBF39000E90997 /* Frameworks */,
				C572507427FBF39000E90997 /* Resources */,
			);
			buildRules = (
			);
			dependencies = (
				C572507827FBF39000E90997 /* PBXTargetDependency */,
			);
			name = MC1Tests;
			productName = MC1Tests;
			productReference = C572507627FBF39000E90997 /* MC1Tests.xctest */;
			productType = "com.apple.product-type.bundle.unit-test";
		};
		C572507F27FBF39000E90997 /* MC1UITests */ = {
			isa = PBXNativeTarget;
			buildConfigurationList = C572509027FBF39000E90997 /* Build configuration list for PBXNativeTarget "MC1UITests" */;
			buildPhases = (
				C572507C27FBF39000E90997 /* Sources */,
				C572507D27FBF39000E90997 /* Frameworks */,
				C572507E27FBF39000E90997 /* Resources */,
			);
			buildRules = (
			);
			dependencies = (
				C572508227FBF39000E90997 /* PBXTargetDependency */,
			);
			name = MC1UITests;
			productName = MC1UITests;
			productReference = C572508027FBF39000E90997 /* MC1UITests.xctest */;
			productType = "com.apple.product-type.bundle.ui-testing";
		};
/* End PBXNativeTarget section */

/* Begin PBXProject section */
		C572505E27FBF38F00E90997 /* Project object */ = {
			isa = PBXProject;
			attributes = {
				BuildIndependentTargetsInParallel = 1;
				LastSwiftUpdateCheck = 1330;
				LastUpgradeCheck = 1330;
				TargetAttributes = {
					C572506527FBF38F00E90997 = {
						CreatedOnToolsVersion = 13.3;
					};
					C572507527FBF39000E90997 = {
						CreatedOnToolsVersion = 13.3;
						TestTargetID = C572506527FBF38F00E90997;
					};
					C572507F27FBF39000E90997 = {
						CreatedOnToolsVersion = 13.3;
						TestTargetID = C572506527FBF38F00E90997;
					};
				};
			};
			buildConfigurationList = C572506127FBF38F00E90997 /* Build configuration list for PBXProject "MC1" */;
			compatibilityVersion = "Xcode 13.0";
			developmentRegion = en;
			hasScannedForEncodings = 0;
			knownRegions = (
				en,
				Base,
			);
			mainGroup = C572505D27FBF38F00E90997;
			productRefGroup = C572506727FBF38F00E90997 /* Products */;
			projectDirPath = "";
			projectRoot = "";
			targets = (
				C572506527FBF38F00E90997 /* MC1 */,
				C572507527FBF39000E90997 /* MC1Tests */,
				C572507F27FBF39000E90997 /* MC1UITests */,
			);
		};
/* End PBXProject section */

/* Begin PBXResourcesBuildPhase section */
		C572506427FBF38F00E90997 /* Resources */ = {
			isa = PBXResourcesBuildPhase;
			buildActionMask = 2147483647;
			files = (
				C572507127FBF39000E90997 /* Preview Assets.xcassets in Resources */,
				C572506E27FBF39000E90997 /* Assets.xcassets in Resources */,
			);
			runOnlyForDeploymentPostprocessing = 0;
		};
		C572507427FBF39000E90997 /* Resources */ = {
			isa = PBXResourcesBuildPhase;
			buildActionMask = 2147483647;
			files = (
			);
			runOnlyForDeploymentPostprocessing = 0;
		};
		C572507E27FBF39000E90997 /* Resources */ = {
			isa = PBXResourcesBuildPhase;
			buildActionMask = 2147483647;
			files = (
			);
			runOnlyForDeploymentPostprocessing = 0;
		};
/* End PBXResourcesBuildPhase section */

/* Begin PBXSourcesBuildPhase section */
		C572506227FBF38F00E90997 /* Sources */ = {
			isa = PBXSourcesBuildPhase;
			buildActionMask = 2147483647;
			files = (
				C564D27E27FEAC92000603BB /* OrderCheckView.swift in Sources */,
				DAABEC6427FE959600912015 /* StartView.swift in Sources */,
				DADFAA0F27FE7C18006F613A /* MenuView.swift in Sources */,
				DAABEC6027FE957C00912015 /* HelpPageView.swift in Sources */,
				DAABEC6A27FF19B100912015 /* MenuQuantityView.swift in Sources */,
				DAABEC6C27FF19C400912015 /* MenuSetChoiceView.swift in Sources */,
				DADFAA0E27FE7C18006F613A /* MenuCheckView.swift in Sources */,
				DAABEC6227FE958B00912015 /* StoreChoiceView.swift in Sources */,
				DADFAA0D27FE7C18006F613A /* MenuCellView.swift in Sources */,
				DADFAA1427FE7C24006F613A /* Restaurant.swift in Sources */,
				DAABEC6627FE95BB00912015 /* Bank.swift in Sources */,
				DADFAA1327FE7C24006F613A /* Preference.swift in Sources */,
				DAABEC6827FE95C800912015 /* Traffic.swift in Sources */,
				C572506A27FBF38F00E90997 /* MC1App.swift in Sources */,
			);
			runOnlyForDeploymentPostprocessing = 0;
		};
		C572507227FBF39000E90997 /* Sources */ = {
			isa = PBXSourcesBuildPhase;
			buildActionMask = 2147483647;
			files = (
				C572507B27FBF39000E90997 /* MC1Tests.swift in Sources */,
			);
			runOnlyForDeploymentPostprocessing = 0;
		};
		C572507C27FBF39000E90997 /* Sources */ = {
			isa = PBXSourcesBuildPhase;
			buildActionMask = 2147483647;
			files = (
				C572508727FBF39000E90997 /* MC1UITestsLaunchTests.swift in Sources */,
				C572508527FBF39000E90997 /* MC1UITests.swift in Sources */,
			);
			runOnlyForDeploymentPostprocessing = 0;
		};
/* End PBXSourcesBuildPhase section */

/* Begin PBXTargetDependency section */
		C572507827FBF39000E90997 /* PBXTargetDependency */ = {
			isa = PBXTargetDependency;
			target = C572506527FBF38F00E90997 /* MC1 */;
			targetProxy = C572507727FBF39000E90997 /* PBXContainerItemProxy */;
		};
		C572508227FBF39000E90997 /* PBXTargetDependency */ = {
			isa = PBXTargetDependency;
			target = C572506527FBF38F00E90997 /* MC1 */;
			targetProxy = C572508127FBF39000E90997 /* PBXContainerItemProxy */;
		};
/* End PBXTargetDependency section */

/* Begin XCBuildConfiguration section */
		C572508827FBF39000E90997 /* Debug */ = {
			isa = XCBuildConfiguration;
			buildSettings = {
				ALWAYS_SEARCH_USER_PATHS = NO;
				CLANG_ANALYZER_NONNULL = YES;
				CLANG_ANALYZER_NUMBER_OBJECT_CONVERSION = YES_AGGRESSIVE;
				CLANG_CXX_LANGUAGE_STANDARD = "gnu++17";
				CLANG_ENABLE_MODULES = YES;
				CLANG_ENABLE_OBJC_ARC = YES;
				CLANG_ENABLE_OBJC_WEAK = YES;
				CLANG_WARN_BLOCK_CAPTURE_AUTORELEASING = YES;
				CLANG_WARN_BOOL_CONVERSION = YES;
				CLANG_WARN_COMMA = YES;
				CLANG_WARN_CONSTANT_CONVERSION = YES;
				CLANG_WARN_DEPRECATED_OBJC_IMPLEMENTATIONS = YES;
				CLANG_WARN_DIRECT_OBJC_ISA_USAGE = YES_ERROR;
				CLANG_WARN_DOCUMENTATION_COMMENTS = YES;
				CLANG_WARN_EMPTY_BODY = YES;
				CLANG_WARN_ENUM_CONVERSION = YES;
				CLANG_WARN_INFINITE_RECURSION = YES;
				CLANG_WARN_INT_CONVERSION = YES;
				CLANG_WARN_NON_LITERAL_NULL_CONVERSION = YES;
				CLANG_WARN_OBJC_IMPLICIT_RETAIN_SELF = YES;
				CLANG_WARN_OBJC_LITERAL_CONVERSION = YES;
				CLANG_WARN_OBJC_ROOT_CLASS = YES_ERROR;
				CLANG_WARN_QUOTED_INCLUDE_IN_FRAMEWORK_HEADER = YES;
				CLANG_WARN_RANGE_LOOP_ANALYSIS = YES;
				CLANG_WARN_STRICT_PROTOTYPES = YES;
				CLANG_WARN_SUSPICIOUS_MOVE = YES;
				CLANG_WARN_UNGUARDED_AVAILABILITY = YES_AGGRESSIVE;
				CLANG_WARN_UNREACHABLE_CODE = YES;
				CLANG_WARN__DUPLICATE_METHOD_MATCH = YES;
				COPY_PHASE_STRIP = NO;
				DEBUG_INFORMATION_FORMAT = dwarf;
				ENABLE_STRICT_OBJC_MSGSEND = YES;
				ENABLE_TESTABILITY = YES;
				GCC_C_LANGUAGE_STANDARD = gnu11;
				GCC_DYNAMIC_NO_PIC = NO;
				GCC_NO_COMMON_BLOCKS = YES;
				GCC_OPTIMIZATION_LEVEL = 0;
				GCC_PREPROCESSOR_DEFINITIONS = (
					"DEBUG=1",
					"$(inherited)",
				);
				GCC_WARN_64_TO_32_BIT_CONVERSION = YES;
				GCC_WARN_ABOUT_RETURN_TYPE = YES_ERROR;
				GCC_WARN_UNDECLARED_SELECTOR = YES;
				GCC_WARN_UNINITIALIZED_AUTOS = YES_AGGRESSIVE;
				GCC_WARN_UNUSED_FUNCTION = YES;
				GCC_WARN_UNUSED_VARIABLE = YES;
				IPHONEOS_DEPLOYMENT_TARGET = 15.4;
				MTL_ENABLE_DEBUG_INFO = INCLUDE_SOURCE;
				MTL_FAST_MATH = YES;
				ONLY_ACTIVE_ARCH = YES;
				SDKROOT = iphoneos;
				SWIFT_ACTIVE_COMPILATION_CONDITIONS = DEBUG;
				SWIFT_OPTIMIZATION_LEVEL = "-Onone";
			};
			name = Debug;
		};
		C572508927FBF39000E90997 /* Release */ = {
			isa = XCBuildConfiguration;
			buildSettings = {
				ALWAYS_SEARCH_USER_PATHS = NO;
				CLANG_ANALYZER_NONNULL = YES;
				CLANG_ANALYZER_NUMBER_OBJECT_CONVERSION = YES_AGGRESSIVE;
				CLANG_CXX_LANGUAGE_STANDARD = "gnu++17";
				CLANG_ENABLE_MODULES = YES;
				CLANG_ENABLE_OBJC_ARC = YES;
				CLANG_ENABLE_OBJC_WEAK = YES;
				CLANG_WARN_BLOCK_CAPTURE_AUTORELEASING = YES;
				CLANG_WARN_BOOL_CONVERSION = YES;
				CLANG_WARN_COMMA = YES;
				CLANG_WARN_CONSTANT_CONVERSION = YES;
				CLANG_WARN_DEPRECATED_OBJC_IMPLEMENTATIONS = YES;
				CLANG_WARN_DIRECT_OBJC_ISA_USAGE = YES_ERROR;
				CLANG_WARN_DOCUMENTATION_COMMENTS = YES;
				CLANG_WARN_EMPTY_BODY = YES;
				CLANG_WARN_ENUM_CONVERSION = YES;
				CLANG_WARN_INFINITE_RECURSION = YES;
				CLANG_WARN_INT_CONVERSION = YES;
				CLANG_WARN_NON_LITERAL_NULL_CONVERSION = YES;
				CLANG_WARN_OBJC_IMPLICIT_RETAIN_SELF = YES;
				CLANG_WARN_OBJC_LITERAL_CONVERSION = YES;
				CLANG_WARN_OBJC_ROOT_CLASS = YES_ERROR;
				CLANG_WARN_QUOTED_INCLUDE_IN_FRAMEWORK_HEADER = YES;
				CLANG_WARN_RANGE_LOOP_ANALYSIS = YES;
				CLANG_WARN_STRICT_PROTOTYPES = YES;
				CLANG_WARN_SUSPICIOUS_MOVE = YES;
				CLANG_WARN_UNGUARDED_AVAILABILITY = YES_AGGRESSIVE;
				CLANG_WARN_UNREACHABLE_CODE = YES;
				CLANG_WARN__DUPLICATE_METHOD_MATCH = YES;
				COPY_PHASE_STRIP = NO;
				DEBUG_INFORMATION_FORMAT = "dwarf-with-dsym";
				ENABLE_NS_ASSERTIONS = NO;
				ENABLE_STRICT_OBJC_MSGSEND = YES;
				GCC_C_LANGUAGE_STANDARD = gnu11;
				GCC_NO_COMMON_BLOCKS = YES;
				GCC_WARN_64_TO_32_BIT_CONVERSION = YES;
				GCC_WARN_ABOUT_RETURN_TYPE = YES_ERROR;
				GCC_WARN_UNDECLARED_SELECTOR = YES;
				GCC_WARN_UNINITIALIZED_AUTOS = YES_AGGRESSIVE;
				GCC_WARN_UNUSED_FUNCTION = YES;
				GCC_WARN_UNUSED_VARIABLE = YES;
				IPHONEOS_DEPLOYMENT_TARGET = 15.4;
				MTL_ENABLE_DEBUG_INFO = NO;
				MTL_FAST_MATH = YES;
				SDKROOT = iphoneos;
				SWIFT_COMPILATION_MODE = wholemodule;
				SWIFT_OPTIMIZATION_LEVEL = "-O";
				VALIDATE_PRODUCT = YES;
			};
			name = Release;
		};
		C572508B27FBF39000E90997 /* Debug */ = {
			isa = XCBuildConfiguration;
			buildSettings = {
				ASSETCATALOG_COMPILER_APPICON_NAME = AppIcon;
				ASSETCATALOG_COMPILER_GLOBAL_ACCENT_COLOR_NAME = AccentColor;
				CODE_SIGN_STYLE = Automatic;
				CURRENT_PROJECT_VERSION = 1;
				DEVELOPMENT_ASSET_PATHS = "\"MC1/Preview Content\"";
				ENABLE_PREVIEWS = YES;
				GENERATE_INFOPLIST_FILE = YES;
				INFOPLIST_KEY_UIApplicationSceneManifest_Generation = YES;
				INFOPLIST_KEY_UIApplicationSupportsIndirectInputEvents = YES;
				INFOPLIST_KEY_UILaunchScreen_Generation = YES;
				INFOPLIST_KEY_UISupportedInterfaceOrientations_iPad = "UIInterfaceOrientationPortrait UIInterfaceOrientationPortraitUpsideDown UIInterfaceOrientationLandscapeLeft UIInterfaceOrientationLandscapeRight";
				INFOPLIST_KEY_UISupportedInterfaceOrientations_iPhone = "UIInterfaceOrientationPortrait UIInterfaceOrientationLandscapeLeft UIInterfaceOrientationLandscapeRight";
				LD_RUNPATH_SEARCH_PATHS = (
					"$(inherited)",
					"@executable_path/Frameworks",
				);
				MARKETING_VERSION = 1.0;
				PRODUCT_BUNDLE_IDENTIFIER = com.Flint.MC1;
				PRODUCT_NAME = "$(TARGET_NAME)";
				SWIFT_EMIT_LOC_STRINGS = YES;
				SWIFT_VERSION = 5.0;
				TARGETED_DEVICE_FAMILY = "1,2";
			};
			name = Debug;
		};
		C572508C27FBF39000E90997 /* Release */ = {
			isa = XCBuildConfiguration;
			buildSettings = {
				ASSETCATALOG_COMPILER_APPICON_NAME = AppIcon;
				ASSETCATALOG_COMPILER_GLOBAL_ACCENT_COLOR_NAME = AccentColor;
				CODE_SIGN_STYLE = Automatic;
				CURRENT_PROJECT_VERSION = 1;
				DEVELOPMENT_ASSET_PATHS = "\"MC1/Preview Content\"";
				ENABLE_PREVIEWS = YES;
				GENERATE_INFOPLIST_FILE = YES;
				INFOPLIST_KEY_UIApplicationSceneManifest_Generation = YES;
				INFOPLIST_KEY_UIApplicationSupportsIndirectInputEvents = YES;
				INFOPLIST_KEY_UILaunchScreen_Generation = YES;
				INFOPLIST_KEY_UISupportedInterfaceOrientations_iPad = "UIInterfaceOrientationPortrait UIInterfaceOrientationPortraitUpsideDown UIInterfaceOrientationLandscapeLeft UIInterfaceOrientationLandscapeRight";
				INFOPLIST_KEY_UISupportedInterfaceOrientations_iPhone = "UIInterfaceOrientationPortrait UIInterfaceOrientationLandscapeLeft UIInterfaceOrientationLandscapeRight";
				LD_RUNPATH_SEARCH_PATHS = (
					"$(inherited)",
					"@executable_path/Frameworks",
				);
				MARKETING_VERSION = 1.0;
				PRODUCT_BUNDLE_IDENTIFIER = com.Flint.MC1;
				PRODUCT_NAME = "$(TARGET_NAME)";
				SWIFT_EMIT_LOC_STRINGS = YES;
				SWIFT_VERSION = 5.0;
				TARGETED_DEVICE_FAMILY = "1,2";
			};
			name = Release;
		};
		C572508E27FBF39000E90997 /* Debug */ = {
			isa = XCBuildConfiguration;
			buildSettings = {
				ALWAYS_EMBED_SWIFT_STANDARD_LIBRARIES = YES;
				BUNDLE_LOADER = "$(TEST_HOST)";
				CODE_SIGN_STYLE = Automatic;
				CURRENT_PROJECT_VERSION = 1;
				GENERATE_INFOPLIST_FILE = YES;
				IPHONEOS_DEPLOYMENT_TARGET = 15.4;
				MARKETING_VERSION = 1.0;
				PRODUCT_BUNDLE_IDENTIFIER = com.Flint.MC1Tests;
				PRODUCT_NAME = "$(TARGET_NAME)";
				SWIFT_EMIT_LOC_STRINGS = NO;
				SWIFT_VERSION = 5.0;
				TARGETED_DEVICE_FAMILY = "1,2";
				TEST_HOST = "$(BUILT_PRODUCTS_DIR)/MC1.app/MC1";
			};
			name = Debug;
		};
		C572508F27FBF39000E90997 /* Release */ = {
			isa = XCBuildConfiguration;
			buildSettings = {
				ALWAYS_EMBED_SWIFT_STANDARD_LIBRARIES = YES;
				BUNDLE_LOADER = "$(TEST_HOST)";
				CODE_SIGN_STYLE = Automatic;
				CURRENT_PROJECT_VERSION = 1;
				GENERATE_INFOPLIST_FILE = YES;
				IPHONEOS_DEPLOYMENT_TARGET = 15.4;
				MARKETING_VERSION = 1.0;
				PRODUCT_BUNDLE_IDENTIFIER = com.Flint.MC1Tests;
				PRODUCT_NAME = "$(TARGET_NAME)";
				SWIFT_EMIT_LOC_STRINGS = NO;
				SWIFT_VERSION = 5.0;
				TARGETED_DEVICE_FAMILY = "1,2";
				TEST_HOST = "$(BUILT_PRODUCTS_DIR)/MC1.app/MC1";
			};
			name = Release;
		};
		C572509127FBF39000E90997 /* Debug */ = {
			isa = XCBuildConfiguration;
			buildSettings = {
				ALWAYS_EMBED_SWIFT_STANDARD_LIBRARIES = YES;
				CODE_SIGN_STYLE = Automatic;
				CURRENT_PROJECT_VERSION = 1;
				GENERATE_INFOPLIST_FILE = YES;
				MARKETING_VERSION = 1.0;
				PRODUCT_BUNDLE_IDENTIFIER = com.Flint.MC1UITests;
				PRODUCT_NAME = "$(TARGET_NAME)";
				SWIFT_EMIT_LOC_STRINGS = NO;
				SWIFT_VERSION = 5.0;
				TARGETED_DEVICE_FAMILY = "1,2";
				TEST_TARGET_NAME = MC1;
			};
			name = Debug;
		};
		C572509227FBF39000E90997 /* Release */ = {
			isa = XCBuildConfiguration;
			buildSettings = {
				ALWAYS_EMBED_SWIFT_STANDARD_LIBRARIES = YES;
				CODE_SIGN_STYLE = Automatic;
				CURRENT_PROJECT_VERSION = 1;
				GENERATE_INFOPLIST_FILE = YES;
				MARKETING_VERSION = 1.0;
				PRODUCT_BUNDLE_IDENTIFIER = com.Flint.MC1UITests;
				PRODUCT_NAME = "$(TARGET_NAME)";
				SWIFT_EMIT_LOC_STRINGS = NO;
				SWIFT_VERSION = 5.0;
				TARGETED_DEVICE_FAMILY = "1,2";
				TEST_TARGET_NAME = MC1;
			};
			name = Release;
		};
/* End XCBuildConfiguration section */

/* Begin XCConfigurationList section */
		C572506127FBF38F00E90997 /* Build configuration list for PBXProject "MC1" */ = {
			isa = XCConfigurationList;
			buildConfigurations = (
				C572508827FBF39000E90997 /* Debug */,
				C572508927FBF39000E90997 /* Release */,
			);
			defaultConfigurationIsVisible = 0;
			defaultConfigurationName = Release;
		};
		C572508A27FBF39000E90997 /* Build configuration list for PBXNativeTarget "MC1" */ = {
			isa = XCConfigurationList;
			buildConfigurations = (
				C572508B27FBF39000E90997 /* Debug */,
				C572508C27FBF39000E90997 /* Release */,
			);
			defaultConfigurationIsVisible = 0;
			defaultConfigurationName = Release;
		};
		C572508D27FBF39000E90997 /* Build configuration list for PBXNativeTarget "MC1Tests" */ = {
			isa = XCConfigurationList;
			buildConfigurations = (
				C572508E27FBF39000E90997 /* Debug */,
				C572508F27FBF39000E90997 /* Release */,
			);
			defaultConfigurationIsVisible = 0;
			defaultConfigurationName = Release;
		};
		C572509027FBF39000E90997 /* Build configuration list for PBXNativeTarget "MC1UITests" */ = {
			isa = XCConfigurationList;
			buildConfigurations = (
				C572509127FBF39000E90997 /* Debug */,
				C572509227FBF39000E90997 /* Release */,
			);
			defaultConfigurationIsVisible = 0;
			defaultConfigurationName = Release;
		};
/* End XCConfigurationList section */
	};
	rootObject = C572505E27FBF38F00E90997 /* Project object */;
}
